
Microsoft Visual Studio Solution File, Format Version 12.00
# Visual Studio Version 16
VisualStudioVersion = 16.0.32428.217
MinimumVisualStudioVersion = 10.0.40219.1
Project("{8BC9CEB8-8B4A-11D0-8D11-00A0C91BC942}") = "OS14_HTCOM", "OS13_HTCOM\OS13_HTCOM.vcxproj", "{1A3ECE87-3709-447B-AE86-1779354EB35E}"
EndProject
Project("{8BC9CEB8-8B4A-11D0-8D11-00A0C91BC942}") = "OS14_HTCOMLIB", "OS13_HTCOMLIB\OS13_HTCOMLIB.vcxproj", "{DFD347B8-6A32-47AC-A99C-BCA20F030342}"
EndProject
Project("{8BC9CEB8-8B4A-11D0-8D11-00A0C91BC942}") = "OS14_CREATE", "OS13_CREATE\OS13_CREATE.vcxproj", "{4175D49D-7D71-4782-AFB9-DAD9C468C6C4}"
EndProject
Project("{8BC9CEB8-8B4A-11D0-8D11-00A0C91BC942}") = "OS14_START", "OS13_START\OS13_START.vcxproj", "{9225CBA8-98C6-44AA-9BAB-0F64ED312771}"
EndProject
Project("{8BC9CEB8-8B4A-11D0-8D11-00A0C91BC942}") = "OS14_STOP", "OS13_STOP\OS13_STOP.vcxproj", "{D4AD3D4A-D5CB-4608-8050-41D67ED47243}"
EndProject
Project("{8BC9CEB8-8B4A-11D0-8D11-00A0C91BC942}") = "OS_0402", "OS_0402\OS_0402.vcxproj", "{57223A17-8217-4072-BC5B-F18548736024}"
EndProject
Project("{8BC9CEB8-8B4A-11D0-8D11-00A0C91BC942}") = "OS_0403", "OS_0403\OS_0403.vcxproj", "{317A27BD-C376-4080-AD12-ED9CA387128D}"
EndProject
Project("{8BC9CEB8-8B4A-11D0-8D11-00A0C91BC942}") = "OS_0404", "OS_0404\OS_0404.vcxproj", "{C59AD3E7-85AB-49BD-838F-26F546358F76}"
EndProject
Project("{8BC9CEB8-8B4A-11D0-8D11-00A0C91BC942}") = "OS15_HTService", "OS15_HTService\OS15_HTService.vcxproj", "{6AE2A88E-0A23-4BEE-9BEB-416104AF3C57}"
EndProject
Project("{8BC9CEB8-8B4A-11D0-8D11-00A0C91BC942}") = "Install", "Install\Install.vcxproj", "{2B464342-5688-403F-8582-3AA659BC5114}"
EndProject
Project("{8BC9CEB8-8B4A-11D0-8D11-00A0C91BC942}") = "DeleteService", "DeleteService\DeleteService.vcxproj", "{B1F5F3E6-0F8C-438A-8FE0-A54A869AD447}"
EndProject
Global
	GlobalSection(SolutionConfigurationPlatforms) = preSolution
		Debug|x64 = Debug|x64
		Debug|x86 = Debug|x86
		Release|x64 = Release|x64
		Release|x86 = Release|x86
	EndGlobalSection
	GlobalSection(ProjectConfigurationPlatforms) = postSolution
		{1A3ECE87-3709-447B-AE86-1779354EB35E}.Debug|x64.ActiveCfg = Debug|x64
		{1A3ECE87-3709-447B-AE86-1779354EB35E}.Debug|x64.Build.0 = Debug|x64
		{1A3ECE87-3709-447B-AE86-1779354EB35E}.Debug|x86.ActiveCfg = Debug|Win32
		{1A3ECE87-3709-447B-AE86-1779354EB35E}.Debug|x86.Build.0 = Debug|Win32
		{1A3ECE87-3709-447B-AE86-1779354EB35E}.Release|x64.ActiveCfg = Release|x64
		{1A3ECE87-3709-447B-AE86-1779354EB35E}.Release|x64.Build.0 = Release|x64
		{1A3ECE87-3709-447B-AE86-1779354EB35E}.Release|x86.ActiveCfg = Release|Win32
		{1A3ECE87-3709-447B-AE86-1779354EB35E}.Release|x86.Build.0 = Release|Win32
		{DFD347B8-6A32-47AC-A99C-BCA20F030342}.Debug|x64.ActiveCfg = Debug|x64
		{DFD347B8-6A32-47AC-A99C-BCA20F030342}.Debug|x64.Build.0 = Debug|x64
		{DFD347B8-6A32-47AC-A99C-BCA20F030342}.Debug|x86.ActiveCfg = Debug|Win32
		{DFD347B8-6A32-47AC-A99C-BCA20F030342}.Debug|x86.Build.0 = Debug|Win32
		{DFD347B8-6A32-47AC-A99C-BCA20F030342}.Release|x64.ActiveCfg = Release|x64
		{DFD347B8-6A32-47AC-A99C-BCA20F030342}.Release|x64.Build.0 = Release|x64
		{DFD347B8-6A32-47AC-A99C-BCA20F030342}.Release|x86.ActiveCfg = Release|Win32
		{DFD347B8-6A32-47AC-A99C-BCA20F030342}.Release|x86.Build.0 = Release|Win32
		{4175D49D-7D71-4782-AFB9-DAD9C468C6C4}.Debug|x64.ActiveCfg = Debug|x64
		{4175D49D-7D71-4782-AFB9-DAD9C468C6C4}.Debug|x64.Build.0 = Debug|x64
		{4175D49D-7D71-4782-AFB9-DAD9C468C6C4}.Debug|x86.ActiveCfg = Debug|Win32
		{4175D49D-7D71-4782-AFB9-DAD9C468C6C4}.Debug|x86.Build.0 = Debug|Win32
		{4175D49D-7D71-4782-AFB9-DAD9C468C6C4}.Release|x64.ActiveCfg = Release|x64
		{4175D49D-7D71-4782-AFB9-DAD9C468C6C4}.Release|x64.Build.0 = Release|x64
		{4175D49D-7D71-4782-AFB9-DAD9C468C6C4}.Release|x86.ActiveCfg = Release|Win32
		{4175D49D-7D71-4782-AFB9-DAD9C468C6C4}.Release|x86.Build.0 = Release|Win32
		{9225CBA8-98C6-44AA-9BAB-0F64ED312771}.Debug|x64.ActiveCfg = Debug|x64
		{9225CBA8-98C6-44AA-9BAB-0F64ED312771}.Debug|x64.Build.0 = Debug|x64
		{9225CBA8-98C6-44AA-9BAB-0F64ED312771}.Debug|x86.ActiveCfg = Debug|Win32
		{9225CBA8-98C6-44AA-9BAB-0F64ED312771}.Debug|x86.Build.0 = Debug|Win32
		{9225CBA8-98C6-44AA-9BAB-0F64ED312771}.Release|x64.ActiveCfg = Release|x64
		{9225CBA8-98C6-44AA-9BAB-0F64ED312771}.Release|x64.Build.0 = Release|x64
		{9225CBA8-98C6-44AA-9BAB-0F64ED312771}.Release|x86.ActiveCfg = Release|Win32
		{9225CBA8-98C6-44AA-9BAB-0F64ED312771}.Release|x86.Build.0 = Release|Win32
		{D4AD3D4A-D5CB-4608-8050-41D67ED47243}.Debug|x64.ActiveCfg = Debug|x64
		{D4AD3D4A-D5CB-4608-8050-41D67ED47243}.Debug|x64.Build.0 = Debug|x64
		{D4AD3D4A-D5CB-4608-8050-41D67ED47243}.Debug|x86.ActiveCfg = Debug|Win32
		{D4AD3D4A-D5CB-4608-8050-41D67ED47243}.Debug|x86.Build.0 = Debug|Win32
		{D4AD3D4A-D5CB-4608-8050-41D67ED47243}.Release|x64.ActiveCfg = Release|x64
		{D4AD3D4A-D5CB-4608-8050-41D67ED47243}.Release|x64.Build.0 = Release|x64
		{D4AD3D4A-D5CB-4608-8050-41D67ED47243}.Release|x86.ActiveCfg = Release|Win32
		{D4AD3D4A-D5CB-4608-8050-41D67ED47243}.Release|x86.Build.0 = Release|Win32
		{57223A17-8217-4072-BC5B-F18548736024}.Debug|x64.ActiveCfg = Debug|x64
		{57223A17-8217-4072-BC5B-F18548736024}.Debug|x64.Build.0 = Debug|x64
		{57223A17-8217-4072-BC5B-F18548736024}.Debug|x86.ActiveCfg = Debug|Win32
		{57223A17-8217-4072-BC5B-F18548736024}.Debug|x86.Build.0 = Debug|Win32
		{57223A17-8217-4072-BC5B-F18548736024}.Release|x64.ActiveCfg = Release|x64
		{57223A17-8217-4072-BC5B-F18548736024}.Release|x64.Build.0 = Release|x64
		{57223A17-8217-4072-BC5B-F18548736024}.Release|x86.ActiveCfg = Release|Win32
		{57223A17-8217-4072-BC5B-F18548736024}.Release|x86.Build.0 = Release|Win32
		{317A27BD-C376-4080-AD12-ED9CA387128D}.Debug|x64.ActiveCfg = Debug|x64
		{317A27BD-C376-4080-AD12-ED9CA387128D}.Debug|x64.Build.0 = Debug|x64
		{317A27BD-C376-4080-AD12-ED9CA387128D}.Debug|x86.ActiveCfg = Debug|Win32
		{317A27BD-C376-4080-AD12-ED9CA387128D}.Debug|x86.Build.0 = Debug|Win32
		{317A27BD-C376-4080-AD12-ED9CA387128D}.Release|x64.ActiveCfg = Release|x64
		{317A27BD-C376-4080-AD12-ED9CA387128D}.Release|x64.Build.0 = Release|x64
		{317A27BD-C376-4080-AD12-ED9CA387128D}.Release|x86.ActiveCfg = Release|Win32
		{317A27BD-C376-4080-AD12-ED9CA387128D}.Release|x86.Build.0 = Release|Win32
		{C59AD3E7-85AB-49BD-838F-26F546358F76}.Debug|x64.ActiveCfg = Debug|x64
		{C59AD3E7-85AB-49BD-838F-26F546358F76}.Debug|x64.Build.0 = Debug|x64
		{C59AD3E7-85AB-49BD-838F-26F546358F76}.Debug|x86.ActiveCfg = Debug|Win32
		{C59AD3E7-85AB-49BD-838F-26F546358F76}.Debug|x86.Build.0 = Debug|Win32
		{C59AD3E7-85AB-49BD-838F-26F546358F76}.Release|x64.ActiveCfg = Release|x64
		{C59AD3E7-85AB-49BD-838F-26F546358F76}.Release|x64.Build.0 = Release|x64
		{C59AD3E7-85AB-49BD-838F-26F546358F76}.Release|x86.ActiveCfg = Release|Win32
		{C59AD3E7-85AB-49BD-838F-26F546358F76}.Release|x86.Build.0 = Release|Win32
		{6AE2A88E-0A23-4BEE-9BEB-416104AF3C57}.Debug|x64.ActiveCfg = Debug|x64
		{6AE2A88E-0A23-4BEE-9BEB-416104AF3C57}.Debug|x64.Build.0 = Debug|x64
		{6AE2A88E-0A23-4BEE-9BEB-416104AF3C57}.Debug|x86.ActiveCfg = Debug|Win32
		{6AE2A88E-0A23-4BEE-9BEB-416104AF3C57}.Debug|x86.Build.0 = Debug|Win32
		{6AE2A88E-0A23-4BEE-9BEB-416104AF3C57}.Release|x64.ActiveCfg = Release|x64
		{6AE2A88E-0A23-4BEE-9BEB-416104AF3C57}.Release|x64.Build.0 = Release|x64
		{6AE2A88E-0A23-4BEE-9BEB-416104AF3C57}.Release|x86.ActiveCfg = Release|Win32
		{6AE2A88E-0A23-4BEE-9BEB-416104AF3C57}.Release|x86.Build.0 = Release|Win32
		{2B464342-5688-403F-8582-3AA659BC5114}.Debug|x64.ActiveCfg = Debug|x64
		{2B464342-5688-403F-8582-3AA659BC5114}.Debug|x64.Build.0 = Debug|x64
		{2B464342-5688-403F-8582-3AA659BC5114}.Debug|x86.ActiveCfg = Debug|Win32
		{2B464342-5688-403F-8582-3AA659BC5114}.Debug|x86.Build.0 = Debug|Win32
		{2B464342-5688-403F-8582-3AA659BC5114}.Release|x64.ActiveCfg = Release|x64
		{2B464342-5688-403F-8582-3AA659BC5114}.Release|x64.Build.0 = Release|x64
		{2B464342-5688-403F-8582-3AA659BC5114}.Release|x86.ActiveCfg = Release|Win32
		{2B464342-5688-403F-8582-3AA659BC5114}.Release|x86.Build.0 = Release|Win32
		{B1F5F3E6-0F8C-438A-8FE0-A54A869AD447}.Debug|x64.ActiveCfg = Debug|x64
		{B1F5F3E6-0F8C-438A-8FE0-A54A869AD447}.Debug|x64.Build.0 = Debug|x64
		{B1F5F3E6-0F8C-438A-8FE0-A54A869AD447}.Debug|x86.ActiveCfg = Debug|Win32
		{B1F5F3E6-0F8C-438A-8FE0-A54A869AD447}.Debug|x86.Build.0 = Debug|Win32
		{B1F5F3E6-0F8C-438A-8FE0-A54A869AD447}.Release|x64.ActiveCfg = Release|x64
		{B1F5F3E6-0F8C-438A-8FE0-A54A869AD447}.Release|x64.Build.0 = Release|x64
		{B1F5F3E6-0F8C-438A-8FE0-A54A869AD447}.Release|x86.ActiveCfg = Release|Win32
		{B1F5F3E6-0F8C-438A-8FE0-A54A869AD447}.Release|x86.Build.0 = Release|Win32
	EndGlobalSection
	GlobalSection(SolutionProperties) = preSolution
		HideSolutionNode = FALSE
	EndGlobalSection
	GlobalSection(ExtensibilityGlobals) = postSolution
		SolutionGuid = {7BB37407-55AC-4634-A274-B669ED8F02AD}
	EndGlobalSection
EndGlobal
